
Microsoft Visual Studio Solution File, Format Version 12.00
# Visual Studio Version 16
VisualStudioVersion = 16.0.32126.315
MinimumVisualStudioVersion = 10.0.40219.1
Project("{FAE04EC0-301F-11D3-BF4B-00C04F79EFBC}") = "LeaveManagementSystem", "LeaveManagementSystem.csproj", "{153B12A8-FE0A-473E-9138-293FBA171742}"
EndProject
Global
	GlobalSection(SolutionConfigurationPlatforms) = preSolution
		Debug|Any CPU = Debug|Any CPU
		Release|Any CPU = Release|Any CPU
	EndGlobalSection
	GlobalSection(ProjectConfigurationPlatforms) = postSolution
		{153B12A8-FE0A-473E-9138-293FBA171742}.Debug|Any CPU.ActiveCfg = Debug|Any CPU
		{153B12A8-FE0A-473E-9138-293FBA171742}.Debug|Any CPU.Build.0 = Debug|Any CPU
		{153B12A8-FE0A-473E-9138-293FBA171742}.Release|Any CPU.ActiveCfg = Release|Any CPU
		{153B12A8-FE0A-473E-9138-293FBA171742}.Release|Any CPU.Build.0 = Release|Any CPU
	EndGlobalSection
	GlobalSection(SolutionProperties) = preSolution
		HideSolutionNode = FALSE
	EndGlobalSection
	GlobalSection(ExtensibilityGlobals) = postSolution
		SolutionGuid = {7DAB2774-4196-4AF2-B344-17D50DA78AF7}
	EndGlobalSection
EndGlobal
